
Microsoft Visual Studio Solution File, Format Version 12.00
# Visual Studio 14
VisualStudioVersion = 14.0.25420.1
MinimumVisualStudioVersion = 10.0.40219.1
Project("{E24C65DC-7377-472B-9ABA-BC803B73C61A}") = "NumberToWords", "NumberToWords\", "{F1E306F9-765A-4368-AB95-9D04A1CDC8A5}"
	ProjectSection(WebsiteProperties) = preProject
		TargetFrameworkMoniker = ".NETFramework,Version%3Dv4.5"
		Debug.AspNetCompiler.VirtualPath = "/localhost_6765"
		Debug.AspNetCompiler.PhysicalPath = "NumberToWords\"
		Debug.AspNetCompiler.TargetPath = "PrecompiledWeb\localhost_6765\"
		Debug.AspNetCompiler.Updateable = "true"
		Debug.AspNetCompiler.ForceOverwrite = "true"
		Debug.AspNetCompiler.FixedNames = "false"
		Debug.AspNetCompiler.Debug = "True"
		Release.AspNetCompiler.VirtualPath = "/localhost_6765"
		Release.AspNetCompiler.PhysicalPath = "NumberToWords\"
		Release.AspNetCompiler.TargetPath = "PrecompiledWeb\localhost_6765\"
		Release.AspNetCompiler.Updateable = "true"
		Release.AspNetCompiler.ForceOverwrite = "true"
		Release.AspNetCompiler.FixedNames = "false"
		Release.AspNetCompiler.Debug = "False"
		VWDPort = "6765"
		SlnRelativePath = "NumberToWords\"
	EndProjectSection
EndProject
Global
	GlobalSection(SolutionConfigurationPlatforms) = preSolution
		Debug|Any CPU = Debug|Any CPU
	EndGlobalSection
	GlobalSection(ProjectConfigurationPlatforms) = postSolution
		{F1E306F9-765A-4368-AB95-9D04A1CDC8A5}.Debug|Any CPU.ActiveCfg = Debug|Any CPU
		{F1E306F9-765A-4368-AB95-9D04A1CDC8A5}.Debug|Any CPU.Build.0 = Debug|Any CPU
	EndGlobalSection
	GlobalSection(SolutionProperties) = preSolution
		HideSolutionNode = FALSE
	EndGlobalSection
EndGlobal
